# THIS IS AN AUTOGENERATED FILE. DO NOT EDIT THIS FILE DIRECTLY.
# yarn lockfile v1


"@bridged.xyz/remote-ui-core@0.0.30":
  version "0.0.30"
  resolved "https://registry.yarnpkg.com/@bridged.xyz/remote-ui-core/-/remote-ui-core-0.0.30.tgz#e0086f0381956be5995a4d5f0e1e36090c21448a"
  integrity sha512-NJqXe/uoklC8XEgXdvmoEWSiLGEHjgwrjEuy7Dx3mH/NaUaAd4LjvaCcQwwfdHJZkK5HD61GhbJgj2oVC7/Meg==
  dependencies:
    mustache "^4.0.1"
    url-pattern "^1.0.3"

mustache@^4.0.1:
  version "4.0.1"
  resolved "https://registry.yarnpkg.com/mustache/-/mustache-4.0.1.tgz#d99beb031701ad433338e7ea65e0489416c854a2"
  integrity sha512-yL5VE97+OXn4+Er3THSmTdCFCtx5hHWzrolvH+JObZnUYwuaG7XV+Ch4fR2cIrcYI0tFHxS7iyFYl14bW8y2sA==

url-pattern@^1.0.3:
  version "1.0.3"
  resolved "https://registry.yarnpkg.com/url-pattern/-/url-pattern-1.0.3.tgz#0409292471b24f23c50d65a47931793d2b5acfc1"
  integrity sha1-BAkpJHGyTyPFDWWkeTF5PStaz8E=
