# THIS IS AN AUTOGENERATED FILE. DO NOT EDIT THIS FILE DIRECTLY.
# yarn lockfile v1


"@abraham/reflection@^0.8.0":
  version "0.8.0"
  resolved "https://registry.yarnpkg.com/@abraham/reflection/-/reflection-0.8.0.tgz#f8103d1a4a0ed7b846668e35834c22c14044e0f1"
  integrity sha512-Oy2jk9hHEI/t1avTgB4BCQtceUOqwrElQdecGS0wTqH5rc0KXysUrhpX4ep0vCMjoxzNyXSx7JU+KWkrkFIKOg==

"@flutter-builder/flutter@2.5.0-f8":
  version "2.5.0-f8"
  resolved "https://registry.yarnpkg.com/@flutter-builder/flutter/-/flutter-2.5.0-f8.tgz#0678ff1e9f8b1630fe5dc78289a702f68be1ee06"
  integrity sha512-S8MTl5lpvEvLOojOqiz4nlHuDywRGxSDBiWjGgXC0EmGiyRmYYQXn7wrZDJHt6Ef6aZy1/BRq9I1y8kV9tizVA==
  dependencies:
    "@abraham/reflection" "^0.8.0"
    dart-style "^1.3.2-dev"

dart-style@^1.3.2-dev:
  version "1.3.2-dev"
  resolved "https://registry.yarnpkg.com/dart-style/-/dart-style-1.3.2-dev.tgz#d21a80ff0b7f9d800584ec6a6a659ac3242ac855"
  integrity sha512-NFI4UQYvG32t/cEkQAdkXT2ZT72tjF61tMWoALmnGwj03d2Co94zwGfbnFfdQUQvrhUNx8Wz2jKSVxGrmFaVJQ==
