# THIS IS AN AUTOGENERATED FILE. DO NOT EDIT THIS FILE DIRECTLY.
# yarn lockfile v1


"@dartlang/analysis-server-types@^0.0.0":
  version "0.0.0"
  resolved "https://registry.yarnpkg.com/@dartlang/analysis-server-types/-/analysis-server-types-0.0.0.tgz#02e8f36c4b8174d6ac6eeff37575c60ba005a5dd"
  integrity sha512-XLRIN5/A1s5nb14+lkh8Kw6x4Y6sL7GAlHDK9Qv8HIgKjl4heS5hqWPYO+q0v7zrUrpYcqpJtMM52hOwsR/JVw==
