# THIS IS AN AUTOGENERATED FILE. DO NOT EDIT THIS FILE DIRECTLY.
# yarn lockfile v1


"@types/node@^16.10.1":
  version "16.10.1"
  resolved "https://registry.yarnpkg.com/@types/node/-/node-16.10.1.tgz#f3647623199ca920960006b3dccf633ea905f243"
  integrity sha512-4/Z9DMPKFexZj/Gn3LylFgamNKHm4K3QDi0gz9B26Uk0c8izYf97B5fxfpspMNkWlFupblKM/nV8+NA9Ffvr+w==

axios@^0.21.0:
  version "0.21.0"
  resolved "https://registry.yarnpkg.com/axios/-/axios-0.21.0.tgz#26df088803a2350dff2c27f96fef99fe49442aca"
  integrity sha512-fmkJBknJKoZwem3/IKSSLpkdNXZeBu5Q7GA/aRsr2btgrptmSCxi2oFjZHqGdK9DoTil9PIHlPIZw2EcRJXRvw==
  dependencies:
    follow-redirects "^1.10.0"

coli@^0.0.2:
  version "0.0.2"
  resolved "https://registry.yarnpkg.com/coli/-/coli-0.0.2.tgz#830bcdbecc5936b8cfe7bfa68621544bdcda0726"
  integrity sha512-GDum+hiIcQj8bCV8swxsFzPebfJ57z9on4SapKL4tUN6TQbazxfT6YPZV5NK90mKstP2R+v9rut7lJdfF7p8CQ==

follow-redirects@^1.10.0:
  version "1.13.0"
  resolved "https://registry.yarnpkg.com/follow-redirects/-/follow-redirects-1.13.0.tgz#b42e8d93a2a7eea5ed88633676d6597bc8e384db"
  integrity sha512-aq6gF1BEKje4a9i9+5jimNFIpq4Q1WiwBToeRK5NvZBd/TRsmW8BsJfOEGkr76TbOyPVD3OVDN910EcUNtRYEA==

typescript@^4.0.5:
  version "4.0.5"
  resolved "https://registry.yarnpkg.com/typescript/-/typescript-4.0.5.tgz#ae9dddfd1069f1cb5beb3ef3b2170dd7c1332389"
  integrity sha512-ywmr/VrTVCmNTJ6iV2LwIrfG1P+lv6luD8sUJs+2eI9NLGigaN+nUQc13iHqisq7bra9lnmUSYqbJvegraBOPQ==

xmldom@^0.6.0:
  version "0.6.0"
  resolved "https://registry.yarnpkg.com/xmldom/-/xmldom-0.6.0.tgz#43a96ecb8beece991cef382c08397d82d4d0c46f"
  integrity sha512-iAcin401y58LckRZ0TkI4k0VSM1Qg0KGSc3i8rU+xrxe19A/BN1zHyVSJY7uoutVlaTSzYyk/v5AmkewAP7jtg==

xpath@^0.0.32:
  version "0.0.32"
  resolved "https://registry.yarnpkg.com/xpath/-/xpath-0.0.32.tgz#1b73d3351af736e17ec078d6da4b8175405c48af"
  integrity sha512-rxMJhSIoiO8vXcWvSifKqhvV96GjiD5wYb8/QHdoRyQvraTpp4IEv944nhGausZZ3u7dhQXteZuZbaqfpB7uYw==
